// !$*UTF8*$!
{
	archiveVersion = 1;
	classes = {
	};
	objectVersion = 46;
	objects = {

/* Begin PBXBuildFile section */
		FC04020F1B25B1C100BE1184 /* RankTests.swift in Sources */ = {isa = PBXBuildFile; fileRef = FC04020E1B25B1C100BE1184 /* RankTests.swift */; };
		FC18CC1A1B20A2F3006061E9 /* Countdown.mp3 in Resources */ = {isa = PBXBuildFile; fileRef = FC18CC191B20A2F3006061E9 /* Countdown.mp3 */; };
		FC2330D81AC49B2F00F6BCF2 /* AppDelegate.swift in Sources */ = {isa = PBXBuildFile; fileRef = FC2330D71AC49B2F00F6BCF2 /* AppDelegate.swift */; };
		FC2330DA1AC49B2F00F6BCF2 /* MainMenuViewController.swift in Sources */ = {isa = PBXBuildFile; fileRef = FC2330D91AC49B2F00F6BCF2 /* MainMenuViewController.swift */; };
		FC2330DD1AC49B2F00F6BCF2 /* Main.storyboard in Resources */ = {isa = PBXBuildFile; fileRef = FC2330DB1AC49B2F00F6BCF2 /* Main.storyboard */; };
		FC2330DF1AC49B2F00F6BCF2 /* Images.xcassets in Resources */ = {isa = PBXBuildFile; fileRef = FC2330DE1AC49B2F00F6BCF2 /* Images.xcassets */; };
		FC2330F91AC49B8100F6BCF2 /* RandomNumberCalculatorTests.swift in Sources */ = {isa = PBXBuildFile; fileRef = FC2330F71AC49B8100F6BCF2 /* RandomNumberCalculatorTests.swift */; };
		FC2330FB1AC49BBB00F6BCF2 /* RandomNumberCalculator.swift in Sources */ = {isa = PBXBuildFile; fileRef = FC2330FA1AC49BBB00F6BCF2 /* RandomNumberCalculator.swift */; };
		FC2330FD1AC4B33000F6BCF2 /* GameViewController.swift in Sources */ = {isa = PBXBuildFile; fileRef = FC2330FC1AC4B33000F6BCF2 /* GameViewController.swift */; };
		FC2331021AC4B81800F6BCF2 /* GameHandlerTests.swift in Sources */ = {isa = PBXBuildFile; fileRef = FC2331011AC4B81800F6BCF2 /* GameHandlerTests.swift */; };
		FC2331041AC4BAB800F6BCF2 /* GameHandler.swift in Sources */ = {isa = PBXBuildFile; fileRef = FC2331031AC4BAB800F6BCF2 /* GameHandler.swift */; };
		FC31C1171B1C732B00EE5A82 /* HighScoreHandlerTests.swift in Sources */ = {isa = PBXBuildFile; fileRef = FC31C1161B1C732B00EE5A82 /* HighScoreHandlerTests.swift */; };
		FC3656181B1397110068D806 /* diamondCapsule.png in Resources */ = {isa = PBXBuildFile; fileRef = FC3656171B1397110068D806 /* diamondCapsule.png */; };
		FC36561C1B139C650068D806 /* Default-568h@2x.png in Resources */ = {isa = PBXBuildFile; fileRef = FC36561B1B139C650068D806 /* Default-568h@2x.png */; };
		FC43B49C1ACF2775001CC989 /* CloudKitHandler.swift in Sources */ = {isa = PBXBuildFile; fileRef = FC43B49B1ACF2775001CC989 /* CloudKitHandler.swift */; };
		FC4D1E241B28B2B40028207D /* Home.png in Resources */ = {isa = PBXBuildFile; fileRef = FC4D1E231B28B2B40028207D /* Home.png */; };
		FC4D1E261B28B2B80028207D /* Retry.png in Resources */ = {isa = PBXBuildFile; fileRef = FC4D1E251B28B2B80028207D /* Retry.png */; };
		FC6ECA841B1EEB5800B26708 /* SocialMediaHandler.swift in Sources */ = {isa = PBXBuildFile; fileRef = FC6ECA831B1EEB5800B26708 /* SocialMediaHandler.swift */; };
		FC6F0A951ACB39EC00C0C78C /* NodeHandler.swift in Sources */ = {isa = PBXBuildFile; fileRef = FC6F0A941ACB39EC00C0C78C /* NodeHandler.swift */; };
		FC74D74A1B1F4B64006CD223 /* GameOverViewController.swift in Sources */ = {isa = PBXBuildFile; fileRef = FC74D7491B1F4B64006CD223 /* GameOverViewController.swift */; };
		FC7FF2D31B304D1E00182B7E /* StatsTests.swift in Sources */ = {isa = PBXBuildFile; fileRef = FC7FF2D21B304D1E00182B7E /* StatsTests.swift */; };
		FC7FF2D51B30566500182B7E /* Stats.swift in Sources */ = {isa = PBXBuildFile; fileRef = FC7FF2D41B30566500182B7E /* Stats.swift */; };
		FC7FF2D71B3063F100182B7E /* GameMode.swift in Sources */ = {isa = PBXBuildFile; fileRef = FC7FF2D61B3063F100182B7E /* GameMode.swift */; };
		FC83F7D51ACA099C00B9BA15 /* Pop_Success.mp3 in Resources */ = {isa = PBXBuildFile; fileRef = FC83F7D41ACA099C00B9BA15 /* Pop_Success.mp3 */; };
		FC83F7D71ACA0A8000B9BA15 /* Pop_Fail.mp3 in Resources */ = {isa = PBXBuildFile; fileRef = FC83F7D61ACA0A8000B9BA15 /* Pop_Fail.mp3 */; };
		FC83F7DA1ACA0B8A00B9BA15 /* SoundHandler.swift in Sources */ = {isa = PBXBuildFile; fileRef = FC83F7D91ACA0B8A00B9BA15 /* SoundHandler.swift */; };
		FCAE9EA61B1F196C00BBBAD0 /* ViewHandler.swift in Sources */ = {isa = PBXBuildFile; fileRef = FCAE9EA51B1F196C00BBBAD0 /* ViewHandler.swift */; };
		FCCC06C21B25AB2000485357 /* Rank.swift in Sources */ = {isa = PBXBuildFile; fileRef = FCCC06C11B25AB2000485357 /* Rank.swift */; };
		FCD8ACE51B16761C0052910B /* HighScoreHandler.swift in Sources */ = {isa = PBXBuildFile; fileRef = FCD8ACE41B16761C0052910B /* HighScoreHandler.swift */; };
/* End PBXBuildFile section */

/* Begin PBXContainerItemProxy section */
		FC2330E81AC49B2F00F6BCF2 /* PBXContainerItemProxy */ = {
			isa = PBXContainerItemProxy;
			containerPortal = FC2330CA1AC49B2F00F6BCF2 /* Project object */;
			proxyType = 1;
			remoteGlobalIDString = FC2330D11AC49B2F00F6BCF2;
			remoteInfo = CountingDaisy;
		};
/* End PBXContainerItemProxy section */

/* Begin PBXFileReference section */
		FC04020E1B25B1C100BE1184 /* RankTests.swift */ = {isa = PBXFileReference; fileEncoding = 4; lastKnownFileType = sourcecode.swift; path = RankTests.swift; sourceTree = "<group>"; };
		FC18CC191B20A2F3006061E9 /* Countdown.mp3 */ = {isa = PBXFileReference; lastKnownFileType = audio.mp3; path = Countdown.mp3; sourceTree = "<group>"; };
		FC2330D21AC49B2F00F6BCF2 /* Kazu.app */ = {isa = PBXFileReference; explicitFileType = wrapper.application; includeInIndex = 0; path = Kazu.app; sourceTree = BUILT_PRODUCTS_DIR; };
		FC2330D61AC49B2F00F6BCF2 /* Info.plist */ = {isa = PBXFileReference; lastKnownFileType = text.plist.xml; path = Info.plist; sourceTree = "<group>"; };
		FC2330D71AC49B2F00F6BCF2 /* AppDelegate.swift */ = {isa = PBXFileReference; lastKnownFileType = sourcecode.swift; path = AppDelegate.swift; sourceTree = "<group>"; };
		FC2330D91AC49B2F00F6BCF2 /* MainMenuViewController.swift */ = {isa = PBXFileReference; lastKnownFileType = sourcecode.swift; path = MainMenuViewController.swift; sourceTree = "<group>"; };
		FC2330DC1AC49B2F00F6BCF2 /* Base */ = {isa = PBXFileReference; lastKnownFileType = file.storyboard; name = Base; path = Base.lproj/Main.storyboard; sourceTree = "<group>"; };
		FC2330DE1AC49B2F00F6BCF2 /* Images.xcassets */ = {isa = PBXFileReference; lastKnownFileType = folder.assetcatalog; path = Images.xcassets; sourceTree = "<group>"; };
		FC2330E71AC49B2F00F6BCF2 /* KazuTests.xctest */ = {isa = PBXFileReference; explicitFileType = wrapper.cfbundle; includeInIndex = 0; path = KazuTests.xctest; sourceTree = BUILT_PRODUCTS_DIR; };
		FC2330EC1AC49B2F00F6BCF2 /* Info.plist */ = {isa = PBXFileReference; lastKnownFileType = text.plist.xml; path = Info.plist; sourceTree = "<group>"; };
		FC2330F71AC49B8100F6BCF2 /* RandomNumberCalculatorTests.swift */ = {isa = PBXFileReference; fileEncoding = 4; lastKnownFileType = sourcecode.swift; path = RandomNumberCalculatorTests.swift; sourceTree = "<group>"; };
		FC2330FA1AC49BBB00F6BCF2 /* RandomNumberCalculator.swift */ = {isa = PBXFileReference; fileEncoding = 4; lastKnownFileType = sourcecode.swift; path = RandomNumberCalculator.swift; sourceTree = "<group>"; };
		FC2330FC1AC4B33000F6BCF2 /* GameViewController.swift */ = {isa = PBXFileReference; fileEncoding = 4; lastKnownFileType = sourcecode.swift; path = GameViewController.swift; sourceTree = "<group>"; };
		FC2331011AC4B81800F6BCF2 /* GameHandlerTests.swift */ = {isa = PBXFileReference; fileEncoding = 4; lastKnownFileType = sourcecode.swift; path = GameHandlerTests.swift; sourceTree = "<group>"; };
		FC2331031AC4BAB800F6BCF2 /* GameHandler.swift */ = {isa = PBXFileReference; fileEncoding = 4; lastKnownFileType = sourcecode.swift; path = GameHandler.swift; sourceTree = "<group>"; };
		FC31C1161B1C732B00EE5A82 /* HighScoreHandlerTests.swift */ = {isa = PBXFileReference; fileEncoding = 4; lastKnownFileType = sourcecode.swift; path = HighScoreHandlerTests.swift; sourceTree = "<group>"; };
		FC3656171B1397110068D806 /* diamondCapsule.png */ = {isa = PBXFileReference; lastKnownFileType = image.png; path = diamondCapsule.png; sourceTree = "<group>"; };
		FC36561B1B139C650068D806 /* Default-568h@2x.png */ = {isa = PBXFileReference; lastKnownFileType = image.png; name = "Default-568h@2x.png"; path = "../Default-568h@2x.png"; sourceTree = "<group>"; };
		FC43B49B1ACF2775001CC989 /* CloudKitHandler.swift */ = {isa = PBXFileReference; fileEncoding = 4; lastKnownFileType = sourcecode.swift; path = CloudKitHandler.swift; sourceTree = "<group>"; };
		FC4D1E221B284B930028207D /* Kazu.entitlements */ = {isa = PBXFileReference; lastKnownFileType = text.xml; path = Kazu.entitlements; sourceTree = "<group>"; };
		FC4D1E231B28B2B40028207D /* Home.png */ = {isa = PBXFileReference; lastKnownFileType = image.png; path = Home.png; sourceTree = "<group>"; };
		FC4D1E251B28B2B80028207D /* Retry.png */ = {isa = PBXFileReference; lastKnownFileType = image.png; path = Retry.png; sourceTree = "<group>"; };
		FC6ECA831B1EEB5800B26708 /* SocialMediaHandler.swift */ = {isa = PBXFileReference; fileEncoding = 4; lastKnownFileType = sourcecode.swift; path = SocialMediaHandler.swift; sourceTree = "<group>"; };
		FC6F0A941ACB39EC00C0C78C /* NodeHandler.swift */ = {isa = PBXFileReference; fileEncoding = 4; lastKnownFileType = sourcecode.swift; path = NodeHandler.swift; sourceTree = "<group>"; };
		FC74D7491B1F4B64006CD223 /* GameOverViewController.swift */ = {isa = PBXFileReference; fileEncoding = 4; lastKnownFileType = sourcecode.swift; path = GameOverViewController.swift; sourceTree = "<group>"; };
		FC7FF2D21B304D1E00182B7E /* StatsTests.swift */ = {isa = PBXFileReference; fileEncoding = 4; lastKnownFileType = sourcecode.swift; path = StatsTests.swift; sourceTree = "<group>"; };
		FC7FF2D41B30566500182B7E /* Stats.swift */ = {isa = PBXFileReference; fileEncoding = 4; lastKnownFileType = sourcecode.swift; path = Stats.swift; sourceTree = "<group>"; };
		FC7FF2D61B3063F100182B7E /* GameMode.swift */ = {isa = PBXFileReference; fileEncoding = 4; lastKnownFileType = sourcecode.swift; path = GameMode.swift; sourceTree = "<group>"; };
		FC83F7D41ACA099C00B9BA15 /* Pop_Success.mp3 */ = {isa = PBXFileReference; lastKnownFileType = audio.mp3; path = Pop_Success.mp3; sourceTree = "<group>"; };
		FC83F7D61ACA0A8000B9BA15 /* Pop_Fail.mp3 */ = {isa = PBXFileReference; lastKnownFileType = audio.mp3; path = Pop_Fail.mp3; sourceTree = "<group>"; };
		FC83F7D91ACA0B8A00B9BA15 /* SoundHandler.swift */ = {isa = PBXFileReference; fileEncoding = 4; lastKnownFileType = sourcecode.swift; path = SoundHandler.swift; sourceTree = "<group>"; };
		FCAE9EA51B1F196C00BBBAD0 /* ViewHandler.swift */ = {isa = PBXFileReference; fileEncoding = 4; lastKnownFileType = sourcecode.swift; path = ViewHandler.swift; sourceTree = "<group>"; };
		FCCC06C11B25AB2000485357 /* Rank.swift */ = {isa = PBXFileReference; fileEncoding = 4; lastKnownFileType = sourcecode.swift; name = Rank.swift; path = ../Rank.swift; sourceTree = "<group>"; };
		FCD8ACE41B16761C0052910B /* HighScoreHandler.swift */ = {isa = PBXFileReference; fileEncoding = 4; lastKnownFileType = sourcecode.swift; path = HighScoreHandler.swift; sourceTree = "<group>"; };
/* End PBXFileReference section */

/* Begin PBXFrameworksBuildPhase section */
		FC2330CF1AC49B2F00F6BCF2 /* Frameworks */ = {
			isa = PBXFrameworksBuildPhase;
			buildActionMask = 2147483647;
			files = (
			);
			runOnlyForDeploymentPostprocessing = 0;
		};
		FC2330E41AC49B2F00F6BCF2 /* Frameworks */ = {
			isa = PBXFrameworksBuildPhase;
			buildActionMask = 2147483647;
			files = (
			);
			runOnlyForDeploymentPostprocessing = 0;
		};
/* End PBXFrameworksBuildPhase section */

/* Begin PBXGroup section */
		FC2330C91AC49B2F00F6BCF2 = {
			isa = PBXGroup;
			children = (
				FC2330D41AC49B2F00F6BCF2 /* Kazu */,
				FC2330EA1AC49B2F00F6BCF2 /* KazuTests */,
				FC2330D31AC49B2F00F6BCF2 /* Products */,
			);
			sourceTree = "<group>";
		};
		FC2330D31AC49B2F00F6BCF2 /* Products */ = {
			isa = PBXGroup;
			children = (
				FC2330D21AC49B2F00F6BCF2 /* Kazu.app */,
				FC2330E71AC49B2F00F6BCF2 /* KazuTests.xctest */,
			);
			name = Products;
			sourceTree = "<group>";
		};
		FC2330D41AC49B2F00F6BCF2 /* Kazu */ = {
			isa = PBXGroup;
			children = (
				FC4D1E221B284B930028207D /* Kazu.entitlements */,
				FCCC06C11B25AB2000485357 /* Rank.swift */,
				FC7FF2D41B30566500182B7E /* Stats.swift */,
				FC7FF2D61B3063F100182B7E /* GameMode.swift */,
				FC6F0A971ACB410600C0C78C /* Calculators */,
				FC6F0A931ACB39DF00C0C78C /* Handlers */,
				FC6F0A811ACB18EC00C0C78C /* Media */,
				FC2330FE1AC4B33600F6BCF2 /* ViewControllers */,
				FC2330DB1AC49B2F00F6BCF2 /* Main.storyboard */,
				FC2330D51AC49B2F00F6BCF2 /* Supporting Files */,
			);
			name = Kazu;
			path = "/Users/nickjones/Documents/My Apps/Kazu/Kazu/Kazu";
			sourceTree = "<absolute>";
		};
		FC2330D51AC49B2F00F6BCF2 /* Supporting Files */ = {
			isa = PBXGroup;
			children = (
				FC36561B1B139C650068D806 /* Default-568h@2x.png */,
				FC2330D71AC49B2F00F6BCF2 /* AppDelegate.swift */,
				FC2330DE1AC49B2F00F6BCF2 /* Images.xcassets */,
				FC2330D61AC49B2F00F6BCF2 /* Info.plist */,
			);
			name = "Supporting Files";
			sourceTree = "<group>";
		};
		FC2330EA1AC49B2F00F6BCF2 /* KazuTests */ = {
			isa = PBXGroup;
			children = (
				FC04020E1B25B1C100BE1184 /* RankTests.swift */,
				FC7FF2D21B304D1E00182B7E /* StatsTests.swift */,
				FCEC9EDF1B21ECFC008C8BD3 /* CalculatorTests */,
				FCEC9EDE1B21ECF5008C8BD3 /* HandlerTests */,
				FC2330EB1AC49B2F00F6BCF2 /* Supporting Files */,
			);
			path = KazuTests;
			sourceTree = "<group>";
		};
		FC2330EB1AC49B2F00F6BCF2 /* Supporting Files */ = {
			isa = PBXGroup;
			children = (
				FC2330EC1AC49B2F00F6BCF2 /* Info.plist */,
			);
			name = "Supporting Files";
			sourceTree = "<group>";
		};
		FC2330FE1AC4B33600F6BCF2 /* ViewControllers */ = {
			isa = PBXGroup;
			children = (
				FC2330D91AC49B2F00F6BCF2 /* MainMenuViewController.swift */,
				FC2330FC1AC4B33000F6BCF2 /* GameViewController.swift */,
				FC74D7491B1F4B64006CD223 /* GameOverViewController.swift */,
			);
			name = ViewControllers;
			sourceTree = "<group>";
		};
		FC4B9DD71AC9FA71004390E2 /* Sounds */ = {
			isa = PBXGroup;
			children = (
				FC18CC191B20A2F3006061E9 /* Countdown.mp3 */,
				FC83F7D41ACA099C00B9BA15 /* Pop_Success.mp3 */,
				FC83F7D61ACA0A8000B9BA15 /* Pop_Fail.mp3 */,
			);
			name = Sounds;
			sourceTree = "<group>";
		};
		FC6F0A811ACB18EC00C0C78C /* Media */ = {
			isa = PBXGroup;
			children = (
				FC6F0A821ACB18F500C0C78C /* Images */,
				FC4B9DD71AC9FA71004390E2 /* Sounds */,
			);
			name = Media;
			sourceTree = "<group>";
		};
		FC6F0A821ACB18F500C0C78C /* Images */ = {
			isa = PBXGroup;
			children = (
				FC4D1E251B28B2B80028207D /* Retry.png */,
				FC4D1E231B28B2B40028207D /* Home.png */,
				FC3656171B1397110068D806 /* diamondCapsule.png */,
			);
			name = Images;
			sourceTree = "<group>";
		};
		FC6F0A931ACB39DF00C0C78C /* Handlers */ = {
			isa = PBXGroup;
			children = (
				FC2331031AC4BAB800F6BCF2 /* GameHandler.swift */,
				FCD8ACE41B16761C0052910B /* HighScoreHandler.swift */,
				FC83F7D91ACA0B8A00B9BA15 /* SoundHandler.swift */,
				FC6F0A941ACB39EC00C0C78C /* NodeHandler.swift */,
				FC43B49B1ACF2775001CC989 /* CloudKitHandler.swift */,
				FC6ECA831B1EEB5800B26708 /* SocialMediaHandler.swift */,
				FCAE9EA51B1F196C00BBBAD0 /* ViewHandler.swift */,
			);
			name = Handlers;
			sourceTree = "<group>";
		};
		FC6F0A971ACB410600C0C78C /* Calculators */ = {
			isa = PBXGroup;
			children = (
				FC2330FA1AC49BBB00F6BCF2 /* RandomNumberCalculator.swift */,
			);
			name = Calculators;
			sourceTree = "<group>";
		};
		FCEC9EDE1B21ECF5008C8BD3 /* HandlerTests */ = {
			isa = PBXGroup;
			children = (
				FC2331011AC4B81800F6BCF2 /* GameHandlerTests.swift */,
				FC31C1161B1C732B00EE5A82 /* HighScoreHandlerTests.swift */,
			);
			name = HandlerTests;
			sourceTree = "<group>";
		};
		FCEC9EDF1B21ECFC008C8BD3 /* CalculatorTests */ = {
			isa = PBXGroup;
			children = (
				FC2330F71AC49B8100F6BCF2 /* RandomNumberCalculatorTests.swift */,
			);
			name = CalculatorTests;
			sourceTree = "<group>";
		};
/* End PBXGroup section */

/* Begin PBXNativeTarget section */
		FC2330D11AC49B2F00F6BCF2 /* Kazu */ = {
			isa = PBXNativeTarget;
			buildConfigurationList = FC2330F11AC49B2F00F6BCF2 /* Build configuration list for PBXNativeTarget "Kazu" */;
			buildPhases = (
				FC2330CE1AC49B2F00F6BCF2 /* Sources */,
				FC2330CF1AC49B2F00F6BCF2 /* Frameworks */,
				FC2330D01AC49B2F00F6BCF2 /* Resources */,
			);
			buildRules = (
			);
			dependencies = (
			);
			name = Kazu;
			productName = CountingDaisy;
			productReference = FC2330D21AC49B2F00F6BCF2 /* Kazu.app */;
			productType = "com.apple.product-type.application";
		};
		FC2330E61AC49B2F00F6BCF2 /* KazuTests */ = {
			isa = PBXNativeTarget;
			buildConfigurationList = FC2330F41AC49B2F00F6BCF2 /* Build configuration list for PBXNativeTarget "KazuTests" */;
			buildPhases = (
				FC2330E31AC49B2F00F6BCF2 /* Sources */,
				FC2330E41AC49B2F00F6BCF2 /* Frameworks */,
				FC2330E51AC49B2F00F6BCF2 /* Resources */,
			);
			buildRules = (
			);
			dependencies = (
				FC2330E91AC49B2F00F6BCF2 /* PBXTargetDependency */,
			);
			name = KazuTests;
			productName = CountingDaisyTests;
			productReference = FC2330E71AC49B2F00F6BCF2 /* KazuTests.xctest */;
			productType = "com.apple.product-type.bundle.unit-test";
		};
/* End PBXNativeTarget section */

/* Begin PBXProject section */
		FC2330CA1AC49B2F00F6BCF2 /* Project object */ = {
			isa = PBXProject;
			attributes = {
				LastSwiftUpdateCheck = 0700;
				LastUpgradeCheck = 0700;
				ORGANIZATIONNAME = "Nick Jones";
				TargetAttributes = {
					FC2330D11AC49B2F00F6BCF2 = {
						CreatedOnToolsVersion = 6.3;
						DevelopmentTeam = Q5LYGJE7L5;
						SystemCapabilities = {
							com.apple.iCloud = {
								enabled = 1;
							};
						};
					};
					FC2330E61AC49B2F00F6BCF2 = {
						CreatedOnToolsVersion = 6.3;
						TestTargetID = FC2330D11AC49B2F00F6BCF2;
					};
				};
			};
			buildConfigurationList = FC2330CD1AC49B2F00F6BCF2 /* Build configuration list for PBXProject "Kazu" */;
			compatibilityVersion = "Xcode 3.2";
			developmentRegion = English;
			hasScannedForEncodings = 0;
			knownRegions = (
				en,
				Base,
			);
			mainGroup = FC2330C91AC49B2F00F6BCF2;
			productRefGroup = FC2330D31AC49B2F00F6BCF2 /* Products */;
			projectDirPath = "";
			projectRoot = "";
			targets = (
				FC2330D11AC49B2F00F6BCF2 /* Kazu */,
				FC2330E61AC49B2F00F6BCF2 /* KazuTests */,
			);
		};
/* End PBXProject section */

/* Begin PBXResourcesBuildPhase section */
		FC2330D01AC49B2F00F6BCF2 /* Resources */ = {
			isa = PBXResourcesBuildPhase;
			buildActionMask = 2147483647;
			files = (
				FC83F7D51ACA099C00B9BA15 /* Pop_Success.mp3 in Resources */,
				FC2330DD1AC49B2F00F6BCF2 /* Main.storyboard in Resources */,
				FC36561C1B139C650068D806 /* Default-568h@2x.png in Resources */,
				FC2330DF1AC49B2F00F6BCF2 /* Images.xcassets in Resources */,
				FC4D1E241B28B2B40028207D /* Home.png in Resources */,
				FC18CC1A1B20A2F3006061E9 /* Countdown.mp3 in Resources */,
				FC83F7D71ACA0A8000B9BA15 /* Pop_Fail.mp3 in Resources */,
				FC3656181B1397110068D806 /* diamondCapsule.png in Resources */,
				FC4D1E261B28B2B80028207D /* Retry.png in Resources */,
			);
			runOnlyForDeploymentPostprocessing = 0;
		};
		FC2330E51AC49B2F00F6BCF2 /* Resources */ = {
			isa = PBXResourcesBuildPhase;
			buildActionMask = 2147483647;
			files = (
			);
			runOnlyForDeploymentPostprocessing = 0;
		};
/* End PBXResourcesBuildPhase section */

/* Begin PBXSourcesBuildPhase section */
		FC2330CE1AC49B2F00F6BCF2 /* Sources */ = {
			isa = PBXSourcesBuildPhase;
			buildActionMask = 2147483647;
			files = (
				FC6ECA841B1EEB5800B26708 /* SocialMediaHandler.swift in Sources */,
				FCAE9EA61B1F196C00BBBAD0 /* ViewHandler.swift in Sources */,
				FC2330FD1AC4B33000F6BCF2 /* GameViewController.swift in Sources */,
				FC7FF2D51B30566500182B7E /* Stats.swift in Sources */,
				FC83F7DA1ACA0B8A00B9BA15 /* SoundHandler.swift in Sources */,
				FC2330DA1AC49B2F00F6BCF2 /* MainMenuViewController.swift in Sources */,
				FC2330FB1AC49BBB00F6BCF2 /* RandomNumberCalculator.swift in Sources */,
				FC2331041AC4BAB800F6BCF2 /* GameHandler.swift in Sources */,
				FC43B49C1ACF2775001CC989 /* CloudKitHandler.swift in Sources */,
				FCD8ACE51B16761C0052910B /* HighScoreHandler.swift in Sources */,
				FC2330D81AC49B2F00F6BCF2 /* AppDelegate.swift in Sources */,
				FC6F0A951ACB39EC00C0C78C /* NodeHandler.swift in Sources */,
				FCCC06C21B25AB2000485357 /* Rank.swift in Sources */,
				FC7FF2D71B3063F100182B7E /* GameMode.swift in Sources */,
				FC74D74A1B1F4B64006CD223 /* GameOverViewController.swift in Sources */,
			);
			runOnlyForDeploymentPostprocessing = 0;
		};
		FC2330E31AC49B2F00F6BCF2 /* Sources */ = {
			isa = PBXSourcesBuildPhase;
			buildActionMask = 2147483647;
			files = (
				FC2331021AC4B81800F6BCF2 /* GameHandlerTests.swift in Sources */,
				FC7FF2D31B304D1E00182B7E /* StatsTests.swift in Sources */,
				FC2330F91AC49B8100F6BCF2 /* RandomNumberCalculatorTests.swift in Sources */,
				FC31C1171B1C732B00EE5A82 /* HighScoreHandlerTests.swift in Sources */,
				FC04020F1B25B1C100BE1184 /* RankTests.swift in Sources */,
			);
			runOnlyForDeploymentPostprocessing = 0;
		};
/* End PBXSourcesBuildPhase section */

/* Begin PBXTargetDependency section */
		FC2330E91AC49B2F00F6BCF2 /* PBXTargetDependency */ = {
			isa = PBXTargetDependency;
			target = FC2330D11AC49B2F00F6BCF2 /* Kazu */;
			targetProxy = FC2330E81AC49B2F00F6BCF2 /* PBXContainerItemProxy */;
		};
/* End PBXTargetDependency section */

/* Begin PBXVariantGroup section */
		FC2330DB1AC49B2F00F6BCF2 /* Main.storyboard */ = {
			isa = PBXVariantGroup;
			children = (
				FC2330DC1AC49B2F00F6BCF2 /* Base */,
			);
			name = Main.storyboard;
			sourceTree = "<group>";
		};
/* End PBXVariantGroup section */

/* Begin XCBuildConfiguration section */
		FC2330EF1AC49B2F00F6BCF2 /* Debug */ = {
			isa = XCBuildConfiguration;
			buildSettings = {
				ALWAYS_SEARCH_USER_PATHS = NO;
				CLANG_CXX_LANGUAGE_STANDARD = "gnu++0x";
				CLANG_CXX_LIBRARY = "libc++";
				CLANG_ENABLE_MODULES = YES;
				CLANG_ENABLE_OBJC_ARC = YES;
				CLANG_WARN_BOOL_CONVERSION = YES;
				CLANG_WARN_CONSTANT_CONVERSION = YES;
				CLANG_WARN_DIRECT_OBJC_ISA_USAGE = YES_ERROR;
				CLANG_WARN_EMPTY_BODY = YES;
				CLANG_WARN_ENUM_CONVERSION = YES;
				CLANG_WARN_INT_CONVERSION = YES;
				CLANG_WARN_OBJC_ROOT_CLASS = YES_ERROR;
				CLANG_WARN_UNREACHABLE_CODE = YES;
				CLANG_WARN__DUPLICATE_METHOD_MATCH = YES;
				CODE_SIGN_IDENTITY = "iPhone Developer: Nick Jones (H8V9WTFYHU)";
				"CODE_SIGN_IDENTITY[sdk=iphoneos*]" = "iPhone Developer";
				COPY_PHASE_STRIP = NO;
				DEBUG_INFORMATION_FORMAT = dwarf;
				ENABLE_STRICT_OBJC_MSGSEND = YES;
				ENABLE_TESTABILITY = YES;
				GCC_C_LANGUAGE_STANDARD = gnu99;
				GCC_DYNAMIC_NO_PIC = NO;
				GCC_NO_COMMON_BLOCKS = YES;
				GCC_OPTIMIZATION_LEVEL = 0;
				GCC_PREPROCESSOR_DEFINITIONS = (
					"DEBUG=1",
					"$(inherited)",
				);
				GCC_SYMBOLS_PRIVATE_EXTERN = NO;
				GCC_WARN_64_TO_32_BIT_CONVERSION = YES;
				GCC_WARN_ABOUT_RETURN_TYPE = YES_ERROR;
				GCC_WARN_UNDECLARED_SELECTOR = YES;
				GCC_WARN_UNINITIALIZED_AUTOS = YES_AGGRESSIVE;
				GCC_WARN_UNUSED_FUNCTION = YES;
				GCC_WARN_UNUSED_VARIABLE = YES;
				IPHONEOS_DEPLOYMENT_TARGET = 8.0;
				MTL_ENABLE_DEBUG_INFO = YES;
				ONLY_ACTIVE_ARCH = YES;
				SDKROOT = iphoneos;
				"SDKROOT[arch=*]" = iphoneos;
				SWIFT_OPTIMIZATION_LEVEL = "-Onone";
			};
			name = Debug;
		};
		FC2330F01AC49B2F00F6BCF2 /* Release */ = {
			isa = XCBuildConfiguration;
			buildSettings = {
				ALWAYS_SEARCH_USER_PATHS = NO;
				CLANG_CXX_LANGUAGE_STANDARD = "gnu++0x";
				CLANG_CXX_LIBRARY = "libc++";
				CLANG_ENABLE_MODULES = YES;
				CLANG_ENABLE_OBJC_ARC = YES;
				CLANG_WARN_BOOL_CONVERSION = YES;
				CLANG_WARN_CONSTANT_CONVERSION = YES;
				CLANG_WARN_DIRECT_OBJC_ISA_USAGE = YES_ERROR;
				CLANG_WARN_EMPTY_BODY = YES;
				CLANG_WARN_ENUM_CONVERSION = YES;
				CLANG_WARN_INT_CONVERSION = YES;
				CLANG_WARN_OBJC_ROOT_CLASS = YES_ERROR;
				CLANG_WARN_UNREACHABLE_CODE = YES;
				CLANG_WARN__DUPLICATE_METHOD_MATCH = YES;
				CODE_SIGN_IDENTITY = "iPhone Developer: Nick Jones (H8V9WTFYHU)";
				"CODE_SIGN_IDENTITY[sdk=iphoneos*]" = "iPhone Developer";
				COPY_PHASE_STRIP = NO;
				DEBUG_INFORMATION_FORMAT = "dwarf-with-dsym";
				ENABLE_NS_ASSERTIONS = NO;
				ENABLE_STRICT_OBJC_MSGSEND = YES;
				GCC_C_LANGUAGE_STANDARD = gnu99;
				GCC_NO_COMMON_BLOCKS = YES;
				GCC_WARN_64_TO_32_BIT_CONVERSION = YES;
				GCC_WARN_ABOUT_RETURN_TYPE = YES_ERROR;
				GCC_WARN_UNDECLARED_SELECTOR = YES;
				GCC_WARN_UNINITIALIZED_AUTOS = YES_AGGRESSIVE;
				GCC_WARN_UNUSED_FUNCTION = YES;
				GCC_WARN_UNUSED_VARIABLE = YES;
				IPHONEOS_DEPLOYMENT_TARGET = 8.0;
				MTL_ENABLE_DEBUG_INFO = NO;
				SDKROOT = iphoneos;
				VALIDATE_PRODUCT = YES;
			};
			name = Release;
		};
		FC2330F21AC49B2F00F6BCF2 /* Debug */ = {
			isa = XCBuildConfiguration;
			buildSettings = {
				ASSETCATALOG_COMPILER_APPICON_NAME = AppIcon;
				CODE_SIGN_ENTITLEMENTS = Kazu/Kazu.entitlements;
				CODE_SIGN_IDENTITY = "iPhone Developer: Nick Jones (H8V9WTFYHU)";
				"CODE_SIGN_IDENTITY[sdk=iphoneos*]" = "iPhone Developer: Nick Jones (H8V9WTFYHU)";
				FRAMEWORK_SEARCH_PATHS = (
					"$(inherited)",
					/Users/nickjones/Documents/FacebookSDK,
				);
				INFOPLIST_FILE = "$(SRCROOT)/Kazu/Info.plist";
				IPHONEOS_DEPLOYMENT_TARGET = 8.0;
				LD_RUNPATH_SEARCH_PATHS = "$(inherited) @executable_path/Frameworks";
				ONLY_ACTIVE_ARCH = NO;
				PRODUCT_BUNDLE_IDENTIFIER = "nickjones.$(PRODUCT_NAME:rfc1034identifier)";
				PRODUCT_NAME = Kazu;
				PROVISIONING_PROFILE = "";
				SDKROOT = iphoneos;
				SUPPORTED_PLATFORMS = "iphonesimulator iphoneos";
				VALID_ARCHS = "$(ARCHS_STANDARD)";
			};
			name = Debug;
		};
		FC2330F31AC49B2F00F6BCF2 /* Release */ = {
			isa = XCBuildConfiguration;
			buildSettings = {
				ASSETCATALOG_COMPILER_APPICON_NAME = AppIcon;
				CODE_SIGN_ENTITLEMENTS = Kazu/Kazu.entitlements;
				CODE_SIGN_IDENTITY = "iPhone Developer: Nick Jones (H8V9WTFYHU)";
				"CODE_SIGN_IDENTITY[sdk=iphoneos*]" = "iPhone Developer: Nick Jones (H8V9WTFYHU)";
				FRAMEWORK_SEARCH_PATHS = (
					"$(inherited)",
					/Users/nickjones/Documents/FacebookSDK,
				);
				INFOPLIST_FILE = "$(SRCROOT)/Kazu/Info.plist";
				IPHONEOS_DEPLOYMENT_TARGET = 8.0;
				LD_RUNPATH_SEARCH_PATHS = "$(inherited) @executable_path/Frameworks";
				ONLY_ACTIVE_ARCH = NO;
				PRODUCT_BUNDLE_IDENTIFIER = "nickjones.$(PRODUCT_NAME:rfc1034identifier)";
				PRODUCT_NAME = Kazu;
				PROVISIONING_PROFILE = "";
				SDKROOT = iphoneos;
				SUPPORTED_PLATFORMS = "iphonesimulator iphoneos";
				VALID_ARCHS = "$(ARCHS_STANDARD)";
			};
			name = Release;
		};
		FC2330F51AC49B2F00F6BCF2 /* Debug */ = {
			isa = XCBuildConfiguration;
			buildSettings = {
				BUNDLE_LOADER = "$(TEST_HOST)";
				CODE_SIGN_IDENTITY = "iPhone Developer";
				FRAMEWORK_SEARCH_PATHS = (
					"$(SDKROOT)/Developer/Library/Frameworks",
					"$(inherited)",
				);
				GCC_PREPROCESSOR_DEFINITIONS = (
					"DEBUG=1",
					"$(inherited)",
				);
				INFOPLIST_FILE = KazuTests/Info.plist;
				LD_RUNPATH_SEARCH_PATHS = "$(inherited) @executable_path/Frameworks @loader_path/Frameworks";
				PRODUCT_BUNDLE_IDENTIFIER = "nickjones.$(PRODUCT_NAME:rfc1034identifier)";
				PRODUCT_NAME = KazuTests;
				"SDKROOT[arch=*]" = iphoneos;
				TEST_HOST = "$(BUILT_PRODUCTS_DIR)/Kazu.app/Kazu";
				VALID_ARCHS = "$(ARCHS_STANDARD)";
			};
			name = Debug;
		};
		FC2330F61AC49B2F00F6BCF2 /* Release */ = {
			isa = XCBuildConfiguration;
			buildSettings = {
				BUNDLE_LOADER = "$(TEST_HOST)";
				CODE_SIGN_IDENTITY = "iPhone Developer";
				FRAMEWORK_SEARCH_PATHS = (
					"$(SDKROOT)/Developer/Library/Frameworks",
					"$(inherited)",
				);
				INFOPLIST_FILE = KazuTests/Info.plist;
				LD_RUNPATH_SEARCH_PATHS = "$(inherited) @executable_path/Frameworks @loader_path/Frameworks";
				PRODUCT_BUNDLE_IDENTIFIER = "nickjones.$(PRODUCT_NAME:rfc1034identifier)";
				PRODUCT_NAME = KazuTests;
				TEST_HOST = "$(BUILT_PRODUCTS_DIR)/Kazu.app/Kazu";
				VALID_ARCHS = "$(ARCHS_STANDARD)";
			};
			name = Release;
		};
/* End XCBuildConfiguration section */

/* Begin XCConfigurationList section */
		FC2330CD1AC49B2F00F6BCF2 /* Build configuration list for PBXProject "Kazu" */ = {
			isa = XCConfigurationList;
			buildConfigurations = (
				FC2330EF1AC49B2F00F6BCF2 /* Debug */,
				FC2330F01AC49B2F00F6BCF2 /* Release */,
			);
			defaultConfigurationIsVisible = 0;
			defaultConfigurationName = Release;
		};
		FC2330F11AC49B2F00F6BCF2 /* Build configuration list for PBXNativeTarget "Kazu" */ = {
			isa = XCConfigurationList;
			buildConfigurations = (
				FC2330F21AC49B2F00F6BCF2 /* Debug */,
				FC2330F31AC49B2F00F6BCF2 /* Release */,
			);
			defaultConfigurationIsVisible = 0;
			defaultConfigurationName = Release;
		};
		FC2330F41AC49B2F00F6BCF2 /* Build configuration list for PBXNativeTarget "KazuTests" */ = {
			isa = XCConfigurationList;
			buildConfigurations = (
				FC2330F51AC49B2F00F6BCF2 /* Debug */,
				FC2330F61AC49B2F00F6BCF2 /* Release */,
			);
			defaultConfigurationIsVisible = 0;
			defaultConfigurationName = Release;
		};
/* End XCConfigurationList section */
	};
	rootObject = FC2330CA1AC49B2F00F6BCF2 /* Project object */;
}
